# This file is autogenerated, do not edit; changes may be undone by the next 'dep ensure'.


[[projects]]
  branch = "master"
  name = "github.com/ardeshir/version"
  packages = ["."]
  revision = "841ccfe5b5c06bd3b546589f9b998dd4f10e5155"

[solve-meta]
  analyzer-name = "dep"
  analyzer-version = 1
  inputs-digest = "350477b84939b8c936720965ce4c29b423478e6f513863372e67c69a6d859b22"
  solver-name = "gps-cdcl"
  solver-version = 1
